
Microsoft Visual Studio Solution File, Format Version 12.00
# Visual Studio Version 17
VisualStudioVersion = 17.7.34031.279
MinimumVisualStudioVersion = 10.0.40219.1
Project("{FAE04EC0-301F-11D3-BF4B-00C04F79EFBC}") = "ChangeMetadataJPG", "ChangeMetadataJPG\ChangeMetadataJPG.csproj", "{B2EFC88E-DF89-46AB-96A7-31B4831C27CE}"
EndProject
Global
	GlobalSection(SolutionConfigurationPlatforms) = preSolution
		Debug|Any CPU = Debug|Any CPU
		Release|Any CPU = Release|Any CPU
	EndGlobalSection
	GlobalSection(ProjectConfigurationPlatforms) = postSolution
		{B2EFC88E-DF89-46AB-96A7-31B4831C27CE}.Debug|Any CPU.ActiveCfg = Debug|Any CPU
		{B2EFC88E-DF89-46AB-96A7-31B4831C27CE}.Debug|Any CPU.Build.0 = Debug|Any CPU
		{B2EFC88E-DF89-46AB-96A7-31B4831C27CE}.Release|Any CPU.ActiveCfg = Release|Any CPU
		{B2EFC88E-DF89-46AB-96A7-31B4831C27CE}.Release|Any CPU.Build.0 = Release|Any CPU
	EndGlobalSection
	GlobalSection(SolutionProperties) = preSolution
		HideSolutionNode = FALSE
	EndGlobalSection
	GlobalSection(ExtensibilityGlobals) = postSolution
		SolutionGuid = {F2E9B5D9-D0C1-4F25-8D61-A4351C4216E2}
	EndGlobalSection
EndGlobal
